
Microsoft Visual Studio Solution File, Format Version 12.00
# Visual Studio Version 17
VisualStudioVersion = 17.2.32602.215
MinimumVisualStudioVersion = 10.0.40219.1
Project("{FAE04EC0-301F-11D3-BF4B-00C04F79EFBC}") = "lab2", "lab2.csproj", "{76185B8B-7F97-4AAE-9A6F-C045C4993795}"
EndProject
Global
	GlobalSection(SolutionConfigurationPlatforms) = preSolution
		Debug|Any CPU = Debug|Any CPU
		Release|Any CPU = Release|Any CPU
	EndGlobalSection
	GlobalSection(ProjectConfigurationPlatforms) = postSolution
		{76185B8B-7F97-4AAE-9A6F-C045C4993795}.Debug|Any CPU.ActiveCfg = Debug|Any CPU
		{76185B8B-7F97-4AAE-9A6F-C045C4993795}.Debug|Any CPU.Build.0 = Debug|Any CPU
		{76185B8B-7F97-4AAE-9A6F-C045C4993795}.Release|Any CPU.ActiveCfg = Release|Any CPU
		{76185B8B-7F97-4AAE-9A6F-C045C4993795}.Release|Any CPU.Build.0 = Release|Any CPU
	EndGlobalSection
	GlobalSection(SolutionProperties) = preSolution
		HideSolutionNode = FALSE
	EndGlobalSection
	GlobalSection(ExtensibilityGlobals) = postSolution
		SolutionGuid = {1A410BD9-E0E9-45C7-8416-25ADA0C9DF6F}
	EndGlobalSection
EndGlobal
